# THIS IS AN AUTOGENERATED FILE. DO NOT EDIT THIS FILE DIRECTLY.
# yarn lockfile v1


ansi-regex@^0.2.0, ansi-regex@^0.2.1:
  version "0.2.1"
  resolved "https://registry.yarnpkg.com/ansi-regex/-/ansi-regex-0.2.1.tgz#0d8e946967a3d8143f93e24e298525fc1b2235f9"

ansi-styles@^1.1.0:
  version "1.1.0"
  resolved "https://registry.yarnpkg.com/ansi-styles/-/ansi-styles-1.1.0.tgz#eaecbf66cd706882760b2f4691582b8f55d7a7de"

any-promise@^1.0.0:
  version "1.3.0"
  resolved "https://registry.yarnpkg.com/any-promise/-/any-promise-1.3.0.tgz#abc6afeedcea52e809cdc0376aed3ce39635d17f"

chalk@0.5.1:
  version "0.5.1"
  resolved "http://registry.npmjs.org/chalk/-/chalk-0.5.1.tgz#663b3a648b68b55d04690d49167aa837858f2174"
  dependencies:
    ansi-styles "^1.1.0"
    escape-string-regexp "^1.0.0"
    has-ansi "^0.1.0"
    strip-ansi "^0.3.0"
    supports-color "^0.2.0"

commander@2.6.0:
  version "2.6.0"
  resolved "https://registry.yarnpkg.com/commander/-/commander-2.6.0.tgz#9df7e52fb2a0cb0fb89058ee80c3104225f37e1d"

concurrently@3.5.1:
  version "3.5.1"
  resolved "https://registry.yarnpkg.com/concurrently/-/concurrently-3.5.1.tgz#ee8b60018bbe86b02df13e5249453c6ececd2521"
  dependencies:
    chalk "0.5.1"
    commander "2.6.0"
    date-fns "^1.23.0"
    lodash "^4.5.1"
    rx "2.3.24"
    spawn-command "^0.0.2-1"
    supports-color "^3.2.3"
    tree-kill "^1.1.0"

date-fns@^1.23.0:
  version "1.29.0"
  resolved "https://registry.yarnpkg.com/date-fns/-/date-fns-1.29.0.tgz#12e609cdcb935127311d04d33334e2960a2a54e6"

debug@^3.1.0:
  version "3.1.0"
  resolved "https://registry.yarnpkg.com/debug/-/debug-3.1.0.tgz#5bb5a0672628b64149566ba16819e61518c67261"
  dependencies:
    ms "2.0.0"

depd@~1.1.2:
  version "1.1.2"
  resolved "https://registry.yarnpkg.com/depd/-/depd-1.1.2.tgz#9bcd52e14c097763e749b274c4346ed2e560b5a9"

escape-string-regexp@^1.0.0:
  version "1.0.5"
  resolved "https://registry.yarnpkg.com/escape-string-regexp/-/escape-string-regexp-1.0.5.tgz#1b61c0562190a8dff6ae3bb2cf0200ca130b86d4"

has-ansi@^0.1.0:
  version "0.1.0"
  resolved "https://registry.yarnpkg.com/has-ansi/-/has-ansi-0.1.0.tgz#84f265aae8c0e6a88a12d7022894b7568894c62e"
  dependencies:
    ansi-regex "^0.2.0"

has-flag@^1.0.0:
  version "1.0.0"
  resolved "https://registry.yarnpkg.com/has-flag/-/has-flag-1.0.0.tgz#9d9e793165ce017a00f00418c43f942a7b1d11fa"

http-errors@^1.6.3:
  version "1.7.0"
  resolved "https://registry.yarnpkg.com/http-errors/-/http-errors-1.7.0.tgz#b6d36492a201c7888bdcb5dd0471140423c4ad2a"
  dependencies:
    depd "~1.1.2"
    inherits "2.0.3"
    setprototypeof "1.1.0"
    statuses ">= 1.5.0 < 2"
    toidentifier "1.0.0"

http-errors@~1.6.2:
  version "1.6.3"
  resolved "https://registry.yarnpkg.com/http-errors/-/http-errors-1.6.3.tgz#8b55680bb4be283a0b5bf4ea2e38580be1d9320d"
  dependencies:
    depd "~1.1.2"
    inherits "2.0.3"
    setprototypeof "1.1.0"
    statuses ">= 1.4.0 < 2"

inherits@2.0.3:
  version "2.0.3"
  resolved "https://registry.yarnpkg.com/inherits/-/inherits-2.0.3.tgz#633c2c83e3da42a502f52466022480f4208261de"

koa-send@^5.0.0:
  version "5.0.0"
  resolved "https://registry.yarnpkg.com/koa-send/-/koa-send-5.0.0.tgz#5e8441e07ef55737734d7ced25b842e50646e7eb"
  dependencies:
    debug "^3.1.0"
    http-errors "^1.6.3"
    mz "^2.7.0"
    resolve-path "^1.4.0"

koa-static@^5.0.0:
  version "5.0.0"
  resolved "https://registry.yarnpkg.com/koa-static/-/koa-static-5.0.0.tgz#5e92fc96b537ad5219f425319c95b64772776943"
  dependencies:
    debug "^3.1.0"
    koa-send "^5.0.0"

lodash@^4.5.1:
  version "4.17.10"
  resolved "https://registry.yarnpkg.com/lodash/-/lodash-4.17.10.tgz#1b7793cf7259ea38fb3661d4d38b3260af8ae4e7"

ms@2.0.0:
  version "2.0.0"
  resolved "https://registry.yarnpkg.com/ms/-/ms-2.0.0.tgz#5608aeadfc00be6c2901df5f9861788de0d597c8"

mz@^2.7.0:
  version "2.7.0"
  resolved "https://registry.yarnpkg.com/mz/-/mz-2.7.0.tgz#95008057a56cafadc2bc63dde7f9ff6955948e32"
  dependencies:
    any-promise "^1.0.0"
    object-assign "^4.0.1"
    thenify-all "^1.0.0"

object-assign@^4.0.1:
  version "4.1.1"
  resolved "https://registry.yarnpkg.com/object-assign/-/object-assign-4.1.1.tgz#2109adc7965887cfc05cbbd442cac8bfbb360863"

path-is-absolute@1.0.1:
  version "1.0.1"
  resolved "https://registry.yarnpkg.com/path-is-absolute/-/path-is-absolute-1.0.1.tgz#174b9268735534ffbc7ace6bf53a5a9e1b5c5f5f"

resolve-path@^1.4.0:
  version "1.4.0"
  resolved "https://registry.yarnpkg.com/resolve-path/-/resolve-path-1.4.0.tgz#c4bda9f5efb2fce65247873ab36bb4d834fe16f7"
  dependencies:
    http-errors "~1.6.2"
    path-is-absolute "1.0.1"

rx@2.3.24:
  version "2.3.24"
  resolved "https://registry.yarnpkg.com/rx/-/rx-2.3.24.tgz#14f950a4217d7e35daa71bbcbe58eff68ea4b2b7"

setprototypeof@1.1.0:
  version "1.1.0"
  resolved "https://registry.yarnpkg.com/setprototypeof/-/setprototypeof-1.1.0.tgz#d0bd85536887b6fe7c0d818cb962d9d91c54e656"

spawn-command@^0.0.2-1:
  version "0.0.2-1"
  resolved "https://registry.yarnpkg.com/spawn-command/-/spawn-command-0.0.2-1.tgz#62f5e9466981c1b796dc5929937e11c9c6921bd0"

"statuses@>= 1.4.0 < 2", "statuses@>= 1.5.0 < 2":
  version "1.5.0"
  resolved "https://registry.yarnpkg.com/statuses/-/statuses-1.5.0.tgz#161c7dac177659fd9811f43771fa99381478628c"

strip-ansi@^0.3.0:
  version "0.3.0"
  resolved "https://registry.yarnpkg.com/strip-ansi/-/strip-ansi-0.3.0.tgz#25f48ea22ca79187f3174a4db8759347bb126220"
  dependencies:
    ansi-regex "^0.2.1"

supports-color@^0.2.0:
  version "0.2.0"
  resolved "https://registry.yarnpkg.com/supports-color/-/supports-color-0.2.0.tgz#d92de2694eb3f67323973d7ae3d8b55b4c22190a"

supports-color@^3.2.3:
  version "3.2.3"
  resolved "https://registry.yarnpkg.com/supports-color/-/supports-color-3.2.3.tgz#65ac0504b3954171d8a64946b2ae3cbb8a5f54f6"
  dependencies:
    has-flag "^1.0.0"

thenify-all@^1.0.0:
  version "1.6.0"
  resolved "https://registry.yarnpkg.com/thenify-all/-/thenify-all-1.6.0.tgz#1a1918d402d8fc3f98fbf234db0bcc8cc10e9726"
  dependencies:
    thenify ">= 3.1.0 < 4"

"thenify@>= 3.1.0 < 4":
  version "3.3.0"
  resolved "https://registry.yarnpkg.com/thenify/-/thenify-3.3.0.tgz#e69e38a1babe969b0108207978b9f62b88604839"
  dependencies:
    any-promise "^1.0.0"

toidentifier@1.0.0:
  version "1.0.0"
  resolved "https://registry.yarnpkg.com/toidentifier/-/toidentifier-1.0.0.tgz#7e1be3470f1e77948bc43d94a3c8f4d7752ba553"

tree-kill@^1.1.0:
  version "1.2.0"
  resolved "https://registry.yarnpkg.com/tree-kill/-/tree-kill-1.2.0.tgz#5846786237b4239014f05db156b643212d4c6f36"
